github.com/bradfitz/gomemcache v0.0.0-20260422231931-4d751bb6e37c h1:6Gpm9YYUEQx2T9zMsYolQhr6sjwwGtFitSA0pQsa7a8=
github.com/bradfitz/gomemcache v0.0.0-20260422231931-4d751bb6e37c/go.mod h1:r5xuitiExdLAJ09PR7vBVENGvp4ZuTBeWTGtxuX3K+c=
github.com/go-hypercube/go-hypercube v0.0.0-20260801152932-e9ee679311cc h1:a+AoviGa9jkeWUsWWGNMeMXmA46f0mMVoy/DYInwcms=
github.com/go-hypercube/go-hypercube v0.0.0-20260801152932-e9ee679311cc/go.mod h1:YZhSvrzcrP3d+ghYCh0DAmdV3YDGssnTYwUugnAHKlw=
